
Microsoft Visual Studio Solution File, Format Version 12.00
# Visual Studio 15
VisualStudioVersion = 15.0.27130.2010
MinimumVisualStudioVersion = 10.0.40219.1
Project("{FAE04EC0-301F-11D3-BF4B-00C04F79EFBC}") = "FingerAuth", "FingerAuth\FingerAuth.csproj", "{4BC424D8-6F22-4953-A76A-BBC641077F83}"
EndProject
Global
	GlobalSection(SolutionConfigurationPlatforms) = preSolution
		Debug|Any CPU = Debug|Any CPU
		Release|Any CPU = Release|Any CPU
	EndGlobalSection
	GlobalSection(ProjectConfigurationPlatforms) = postSolution
		{4BC424D8-6F22-4953-A76A-BBC641077F83}.Debug|Any CPU.ActiveCfg = Debug|Any CPU
		{4BC424D8-6F22-4953-A76A-BBC641077F83}.Debug|Any CPU.Build.0 = Debug|Any CPU
		{4BC424D8-6F22-4953-A76A-BBC641077F83}.Debug|Any CPU.Deploy.0 = Debug|Any CPU
		{4BC424D8-6F22-4953-A76A-BBC641077F83}.Release|Any CPU.ActiveCfg = Release|Any CPU
		{4BC424D8-6F22-4953-A76A-BBC641077F83}.Release|Any CPU.Build.0 = Release|Any CPU
		{4BC424D8-6F22-4953-A76A-BBC641077F83}.Release|Any CPU.Deploy.0 = Release|Any CPU
	EndGlobalSection
	GlobalSection(SolutionProperties) = preSolution
		HideSolutionNode = FALSE
	EndGlobalSection
	GlobalSection(ExtensibilityGlobals) = postSolution
		SolutionGuid = {D3FB5E56-1F9F-4AFB-8AC4-BAEC4FE0F9FC}
	EndGlobalSection
EndGlobal
